// !$*UTF8*$!
{
	archiveVersion = 1;
	classes = {
	};
	objectVersion = 77;
	objects = {

/* Begin PBXBuildFile section */
		10612B151F24E08FF93F5FE9 /* NearbyConnections in Frameworks */ = {isa = PBXBuildFile; productRef = 21769DEFFAEFAA2F2D9DA576 /* NearbyConnections */; };
		2B45A629647512672A9E1EA8 /* Assets.xcassets in Resources */ = {isa = PBXBuildFile; fileRef = 48D1EBC91BDEEA03565A02B1 /* Assets.xcassets */; };
		7A0B4B93CC3395AB7FF38B6B /* application.swift in Sources */ = {isa = PBXBuildFile; fileRef = 064E95DF8E3BDC84FA559BD9 /* application.swift */; };
		95C19018CC049936439F1E3B /* NearbyService.swift in Sources */ = {isa = PBXBuildFile; fileRef = 6F78D77E951FDC97D8EED7FB /* NearbyService.swift */; };
		CA4208FCFF46695E795D3120 /* ContentView.swift in Sources */ = {isa = PBXBuildFile; fileRef = 83005C388C4BE3818148B98E /* ContentView.swift */; };
		D1899725F5C1581508C16FDD /* appstore.png in Resources */ = {isa = PBXBuildFile; fileRef = D0B23DACA4A68EE9A4204E6D /* appstore.png */; };
/* End PBXBuildFile section */

/* Begin PBXFileReference section */
		064E95DF8E3BDC84FA559BD9 /* application.swift */ = {isa = PBXFileReference; lastKnownFileType = sourcecode.swift; path = application.swift; sourceTree = "<group>"; };
		48D1EBC91BDEEA03565A02B1 /* Assets.xcassets */ = {isa = PBXFileReference; lastKnownFileType = folder.assetcatalog; path = Assets.xcassets; sourceTree = "<group>"; };
		6F78D77E951FDC97D8EED7FB /* NearbyService.swift */ = {isa = PBXFileReference; lastKnownFileType = sourcecode.swift; path = NearbyService.swift; sourceTree = "<group>"; };
		83005C388C4BE3818148B98E /* ContentView.swift */ = {isa = PBXFileReference; lastKnownFileType = sourcecode.swift; path = ContentView.swift; sourceTree = "<group>"; };
		A3D1FB27E80644043270028C /* Info.plist */ = {isa = PBXFileReference; lastKnownFileType = text.plist; path = Info.plist; sourceTree = "<group>"; };
		D0B23DACA4A68EE9A4204E6D /* appstore.png */ = {isa = PBXFileReference; lastKnownFileType = image.png; path = appstore.png; sourceTree = "<group>"; };
		DE1E0C7EE53ABFA17564B436 /* AirDock.app */ = {isa = PBXFileReference; explicitFileType = wrapper.application; includeInIndex = 0; path = AirDock.app; sourceTree = BUILT_PRODUCTS_DIR; };
/* End PBXFileReference section */

/* Begin PBXFrameworksBuildPhase section */
		27B9663E1CC967525737ACEE /* Frameworks */ = {
			isa = PBXFrameworksBuildPhase;
			buildActionMask = 2147483647;
			files = (
				10612B151F24E08FF93F5FE9 /* NearbyConnections in Frameworks */,
			);
			runOnlyForDeploymentPostprocessing = 0;
		};
/* End PBXFrameworksBuildPhase section */

/* Begin PBXGroup section */
		30311E713DFFCF971F27B868 /* macOS_App */ = {
			isa = PBXGroup;
			children = (
				064E95DF8E3BDC84FA559BD9 /* application.swift */,
				D0B23DACA4A68EE9A4204E6D /* appstore.png */,
				48D1EBC91BDEEA03565A02B1 /* Assets.xcassets */,
				83005C388C4BE3818148B98E /* ContentView.swift */,
				A3D1FB27E80644043270028C /* Info.plist */,
				6F78D77E951FDC97D8EED7FB /* NearbyService.swift */,
			);
			path = macOS_App;
			sourceTree = "<group>";
		};
		46ACAD1B5CD315735162462A = {
			isa = PBXGroup;
			children = (
				30311E713DFFCF971F27B868 /* macOS_App */,
				D68EB0106A8455A717604C7F /* Products */,
			);
			sourceTree = "<group>";
		};
		D68EB0106A8455A717604C7F /* Products */ = {
			isa = PBXGroup;
			children = (
				DE1E0C7EE53ABFA17564B436 /* AirDock.app */,
			);
			name = Products;
			sourceTree = "<group>";
		};
/* End PBXGroup section */

/* Begin PBXNativeTarget section */
		25A189F5AC57D84BFD2F9443 /* AirDock */ = {
			isa = PBXNativeTarget;
			buildConfigurationList = 8F8F8BD6631A25BD36C41F46 /* Build configuration list for PBXNativeTarget "AirDock" */;
			buildPhases = (
				38A64C97E7733112F6EE8955 /* Sources */,
				41E533BF1EAF1BFAB1FE754F /* Resources */,
				27B9663E1CC967525737ACEE /* Frameworks */,
			);
			buildRules = (
			);
			dependencies = (
			);
			name = AirDock;
			packageProductDependencies = (
				21769DEFFAEFAA2F2D9DA576 /* NearbyConnections */,
			);
			productName = AirDock;
			productReference = DE1E0C7EE53ABFA17564B436 /* AirDock.app */;
			productType = "com.apple.product-type.application";
		};
/* End PBXNativeTarget section */

/* Begin PBXProject section */
		0D351F5846062B223B5B7A90 /* Project object */ = {
			isa = PBXProject;
			attributes = {
				BuildIndependentTargetsInParallel = YES;
				LastUpgradeCheck = 1430;
			};
			buildConfigurationList = 1A508EC9C6AE2F419E04C9F2 /* Build configuration list for PBXProject "AirDock" */;
			developmentRegion = en;
			hasScannedForEncodings = 0;
			knownRegions = (
				Base,
				en,
			);
			mainGroup = 46ACAD1B5CD315735162462A;
			minimizedProjectReferenceProxies = 1;
			packageReferences = (
				30FE7D72984347EFF30EEE1E /* XCRemoteSwiftPackageReference "nearby" */,
			);
			preferredProjectObjectVersion = 77;
			productRefGroup = D68EB0106A8455A717604C7F /* Products */;
			projectDirPath = "";
			projectRoot = "";
			targets = (
				25A189F5AC57D84BFD2F9443 /* AirDock */,
			);
		};
/* End PBXProject section */

/* Begin PBXResourcesBuildPhase section */
		41E533BF1EAF1BFAB1FE754F /* Resources */ = {
			isa = PBXResourcesBuildPhase;
			buildActionMask = 2147483647;
			files = (
				2B45A629647512672A9E1EA8 /* Assets.xcassets in Resources */,
				D1899725F5C1581508C16FDD /* appstore.png in Resources */,
			);
			runOnlyForDeploymentPostprocessing = 0;
		};
/* End PBXResourcesBuildPhase section */

/* Begin PBXSourcesBuildPhase section */
		38A64C97E7733112F6EE8955 /* Sources */ = {
			isa = PBXSourcesBuildPhase;
			buildActionMask = 2147483647;
			files = (
				CA4208FCFF46695E795D3120 /* ContentView.swift in Sources */,
				95C19018CC049936439F1E3B /* NearbyService.swift in Sources */,
				7A0B4B93CC3395AB7FF38B6B /* application.swift in Sources */,
			);
			runOnlyForDeploymentPostprocessing = 0;
		};
/* End PBXSourcesBuildPhase section */

/* Begin XCBuildConfiguration section */
		1A1173A8AEAB59D3EE7357AE /* Release */ = {
			isa = XCBuildConfiguration;
			buildSettings = {
				ALWAYS_SEARCH_USER_PATHS = NO;
				CLANG_ANALYZER_NONNULL = YES;
				CLANG_ANALYZER_NUMBER_OBJECT_CONVERSION = YES_AGGRESSIVE;
				CLANG_CXX_LANGUAGE_STANDARD = "gnu++14";
				CLANG_CXX_LIBRARY = "libc++";
				CLANG_ENABLE_MODULES = YES;
				CLANG_ENABLE_OBJC_ARC = YES;
				CLANG_ENABLE_OBJC_WEAK = YES;
				CLANG_WARN_BLOCK_CAPTURE_AUTORELEASING = YES;
				CLANG_WARN_BOOL_CONVERSION = YES;
				CLANG_WARN_COMMA = YES;
				CLANG_WARN_CONSTANT_CONVERSION = YES;
				CLANG_WARN_DEPRECATED_OBJC_IMPLEMENTATIONS = YES;
				CLANG_WARN_DIRECT_OBJC_ISA_USAGE = YES_ERROR;
				CLANG_WARN_DOCUMENTATION_COMMENTS = YES;
				CLANG_WARN_EMPTY_BODY = YES;
				CLANG_WARN_ENUM_CONVERSION = YES;
				CLANG_WARN_INFINITE_RECURSION = YES;
				CLANG_WARN_INT_CONVERSION = YES;
				CLANG_WARN_NON_LITERAL_NULL_CONVERSION = YES;
				CLANG_WARN_OBJC_IMPLICIT_RETAIN_SELF = YES;
				CLANG_WARN_OBJC_LITERAL_CONVERSION = YES;
				CLANG_WARN_OBJC_ROOT_CLASS = YES_ERROR;
				CLANG_WARN_QUOTED_INCLUDE_IN_FRAMEWORK_HEADER = YES;
				CLANG_WARN_RANGE_LOOP_ANALYSIS = YES;
				CLANG_WARN_STRICT_PROTOTYPES = YES;
				CLANG_WARN_SUSPICIOUS_MOVE = YES;
				CLANG_WARN_UNGUARDED_AVAILABILITY = YES_AGGRESSIVE;
				CLANG_WARN_UNREACHABLE_CODE = YES;
				CLANG_WARN__DUPLICATE_METHOD_MATCH = YES;
				COPY_PHASE_STRIP = NO;
				DEBUG_INFORMATION_FORMAT = "dwarf-with-dsym";
				ENABLE_NS_ASSERTIONS = NO;
				ENABLE_STRICT_OBJC_MSGSEND = YES;
				GCC_C_LANGUAGE_STANDARD = gnu11;
				GCC_NO_COMMON_BLOCKS = YES;
				GCC_WARN_64_TO_32_BIT_CONVERSION = YES;
				GCC_WARN_ABOUT_RETURN_TYPE = YES_ERROR;
				GCC_WARN_UNDECLARED_SELECTOR = YES;
				GCC_WARN_UNINITIALIZED_AUTOS = YES_AGGRESSIVE;
				GCC_WARN_UNUSED_FUNCTION = YES;
				GCC_WARN_UNUSED_VARIABLE = YES;
				MACOSX_DEPLOYMENT_TARGET = 12.0;
				MTL_ENABLE_DEBUG_INFO = NO;
				MTL_FAST_MATH = YES;
				PRODUCT_NAME = "$(TARGET_NAME)";
				SDKROOT = macosx;
				SWIFT_COMPILATION_MODE = wholemodule;
				SWIFT_OPTIMIZATION_LEVEL = "-O";
				SWIFT_VERSION = 5.0;
			};
			name = Release;
		};
		2C63511E555AC7151EC31459 /* Debug */ = {
			isa = XCBuildConfiguration;
			buildSettings = {
				ALWAYS_SEARCH_USER_PATHS = NO;
				CLANG_ANALYZER_NONNULL = YES;
				CLANG_ANALYZER_NUMBER_OBJECT_CONVERSION = YES_AGGRESSIVE;
				CLANG_CXX_LANGUAGE_STANDARD = "gnu++14";
				CLANG_CXX_LIBRARY = "libc++";
				CLANG_ENABLE_MODULES = YES;
				CLANG_ENABLE_OBJC_ARC = YES;
				CLANG_ENABLE_OBJC_WEAK = YES;
				CLANG_WARN_BLOCK_CAPTURE_AUTORELEASING = YES;
				CLANG_WARN_BOOL_CONVERSION = YES;
				CLANG_WARN_COMMA = YES;
				CLANG_WARN_CONSTANT_CONVERSION = YES;
				CLANG_WARN_DEPRECATED_OBJC_IMPLEMENTATIONS = YES;
				CLANG_WARN_DIRECT_OBJC_ISA_USAGE = YES_ERROR;
				CLANG_WARN_DOCUMENTATION_COMMENTS = YES;
				CLANG_WARN_EMPTY_BODY = YES;
				CLANG_WARN_ENUM_CONVERSION = YES;
				CLANG_WARN_INFINITE_RECURSION = YES;
				CLANG_WARN_INT_CONVERSION = YES;
				CLANG_WARN_NON_LITERAL_NULL_CONVERSION = YES;
				CLANG_WARN_OBJC_IMPLICIT_RETAIN_SELF = YES;
				CLANG_WARN_OBJC_LITERAL_CONVERSION = YES;
				CLANG_WARN_OBJC_ROOT_CLASS = YES_ERROR;
				CLANG_WARN_QUOTED_INCLUDE_IN_FRAMEWORK_HEADER = YES;
				CLANG_WARN_RANGE_LOOP_ANALYSIS = YES;
				CLANG_WARN_STRICT_PROTOTYPES = YES;
				CLANG_WARN_SUSPICIOUS_MOVE = YES;
				CLANG_WARN_UNGUARDED_AVAILABILITY = YES_AGGRESSIVE;
				CLANG_WARN_UNREACHABLE_CODE = YES;
				CLANG_WARN__DUPLICATE_METHOD_MATCH = YES;
				COPY_PHASE_STRIP = NO;
				DEBUG_INFORMATION_FORMAT = dwarf;
				ENABLE_STRICT_OBJC_MSGSEND = YES;
				ENABLE_TESTABILITY = YES;
				GCC_C_LANGUAGE_STANDARD = gnu11;
				GCC_DYNAMIC_NO_PIC = NO;
				GCC_NO_COMMON_BLOCKS = YES;
				GCC_OPTIMIZATION_LEVEL = 0;
				GCC_PREPROCESSOR_DEFINITIONS = (
					"$(inherited)",
					"DEBUG=1",
				);
				GCC_WARN_64_TO_32_BIT_CONVERSION = YES;
				GCC_WARN_ABOUT_RETURN_TYPE = YES_ERROR;
				GCC_WARN_UNDECLARED_SELECTOR = YES;
				GCC_WARN_UNINITIALIZED_AUTOS = YES_AGGRESSIVE;
				GCC_WARN_UNUSED_FUNCTION = YES;
				GCC_WARN_UNUSED_VARIABLE = YES;
				MACOSX_DEPLOYMENT_TARGET = 12.0;
				MTL_ENABLE_DEBUG_INFO = INCLUDE_SOURCE;
				MTL_FAST_MATH = YES;
				ONLY_ACTIVE_ARCH = YES;
				PRODUCT_NAME = "$(TARGET_NAME)";
				SDKROOT = macosx;
				SWIFT_ACTIVE_COMPILATION_CONDITIONS = DEBUG;
				SWIFT_OPTIMIZATION_LEVEL = "-Onone";
				SWIFT_VERSION = 5.0;
			};
			name = Debug;
		};
		36668CFD20917A123243EFBD /* Debug */ = {
			isa = XCBuildConfiguration;
			buildSettings = {
				ASSETCATALOG_COMPILER_APPICON_NAME = AppIcon;
				CODE_SIGNING_ALLOWED = NO;
				CODE_SIGNING_REQUIRED = NO;
				CODE_SIGN_IDENTITY = "-";
				COMBINE_HIDPI_IMAGES = YES;
				CURRENT_PROJECT_VERSION = 1;
				ENABLE_APP_SANDBOX = NO;
				INFOPLIST_FILE = macOS_App/Info.plist;
				INFOPLIST_KEY_CFBundleDisplayName = "Air Dock";
				INFOPLIST_KEY_LSApplicationCategoryType = "public.app-category.utilities";
				LD_RUNPATH_SEARCH_PATHS = (
					"$(inherited)",
					"@executable_path/../Frameworks",
				);
				MACOSX_DEPLOYMENT_TARGET = 12.0;
				MARKETING_VERSION = 1.0;
				PRODUCT_BUNDLE_IDENTIFIER = com.andy.macdock;
				SDKROOT = macosx;
			};
			name = Debug;
		};
		98F977486D9005D0194B654F /* Release */ = {
			isa = XCBuildConfiguration;
			buildSettings = {
				ASSETCATALOG_COMPILER_APPICON_NAME = AppIcon;
				CODE_SIGNING_ALLOWED = NO;
				CODE_SIGNING_REQUIRED = NO;
				CODE_SIGN_IDENTITY = "-";
				COMBINE_HIDPI_IMAGES = YES;
				CURRENT_PROJECT_VERSION = 1;
				ENABLE_APP_SANDBOX = NO;
				INFOPLIST_FILE = macOS_App/Info.plist;
				INFOPLIST_KEY_CFBundleDisplayName = "Air Dock";
				INFOPLIST_KEY_LSApplicationCategoryType = "public.app-category.utilities";
				LD_RUNPATH_SEARCH_PATHS = (
					"$(inherited)",
					"@executable_path/../Frameworks",
				);
				MACOSX_DEPLOYMENT_TARGET = 12.0;
				MARKETING_VERSION = 1.0;
				PRODUCT_BUNDLE_IDENTIFIER = com.andy.macdock;
				SDKROOT = macosx;
			};
			name = Release;
		};
/* End XCBuildConfiguration section */

/* Begin XCConfigurationList section */
		1A508EC9C6AE2F419E04C9F2 /* Build configuration list for PBXProject "AirDock" */ = {
			isa = XCConfigurationList;
			buildConfigurations = (
				2C63511E555AC7151EC31459 /* Debug */,
				1A1173A8AEAB59D3EE7357AE /* Release */,
			);
			defaultConfigurationIsVisible = 0;
			defaultConfigurationName = Debug;
		};
		8F8F8BD6631A25BD36C41F46 /* Build configuration list for PBXNativeTarget "AirDock" */ = {
			isa = XCConfigurationList;
			buildConfigurations = (
				36668CFD20917A123243EFBD /* Debug */,
				98F977486D9005D0194B654F /* Release */,
			);
			defaultConfigurationIsVisible = 0;
			defaultConfigurationName = Debug;
		};
/* End XCConfigurationList section */

/* Begin XCRemoteSwiftPackageReference section */
		30FE7D72984347EFF30EEE1E /* XCRemoteSwiftPackageReference "nearby" */ = {
			isa = XCRemoteSwiftPackageReference;
			repositoryURL = "https://github.com/google/nearby";
			requirement = {
				branch = main;
				kind = branch;
			};
		};
/* End XCRemoteSwiftPackageReference section */

/* Begin XCSwiftPackageProductDependency section */
		21769DEFFAEFAA2F2D9DA576 /* NearbyConnections */ = {
			isa = XCSwiftPackageProductDependency;
			package = 30FE7D72984347EFF30EEE1E /* XCRemoteSwiftPackageReference "nearby" */;
			productName = NearbyConnections;
		};
/* End XCSwiftPackageProductDependency section */
	};
	rootObject = 0D351F5846062B223B5B7A90 /* Project object */;
}
