// !$*UTF8*$!
{
	archiveVersion = 1;
	classes = {
	};
	objectVersion = 77;
	objects = {

/* Begin PBXBuildFile section */
		23C06D925AC43F223C178E49 /* ContentView.swift in Sources */ = {isa = PBXBuildFile; fileRef = ED76AE2EA8F90A9720787E43 /* ContentView.swift */; };
		4E89965ED530129D90B75807 /* Assets.xcassets in Resources */ = {isa = PBXBuildFile; fileRef = 930C6A26F0C23BF9067A7B28 /* Assets.xcassets */; };
		6813CB2B90413A594DE6B1ED /* playstore.png in Resources */ = {isa = PBXBuildFile; fileRef = 26AD54A9FB1B62C602AB3B80 /* playstore.png */; };
		6E7239A21AE46481DBD6938C /* NearbyService.swift in Sources */ = {isa = PBXBuildFile; fileRef = 4A07F21732DFBFCC347023EA /* NearbyService.swift */; };
		A8E0D970687CB6611B00DC37 /* application.swift in Sources */ = {isa = PBXBuildFile; fileRef = F8479A301306E006E59ADE28 /* application.swift */; };
		B4E4C7FBC2CB837967F02993 /* NearbyConnections in Frameworks */ = {isa = PBXBuildFile; productRef = 287BAAD98D4D6F4D945A367C /* NearbyConnections */; };
		C812A26A98A1770AA9D00A11 /* appstore.png in Resources */ = {isa = PBXBuildFile; fileRef = 3211537E7EE735BF2535524F /* appstore.png */; };
/* End PBXBuildFile section */

/* Begin PBXFileReference section */
		26AD54A9FB1B62C602AB3B80 /* playstore.png */ = {isa = PBXFileReference; lastKnownFileType = image.png; path = playstore.png; sourceTree = "<group>"; };
		3211537E7EE735BF2535524F /* appstore.png */ = {isa = PBXFileReference; lastKnownFileType = image.png; path = appstore.png; sourceTree = "<group>"; };
		4A07F21732DFBFCC347023EA /* NearbyService.swift */ = {isa = PBXFileReference; lastKnownFileType = sourcecode.swift; path = NearbyService.swift; sourceTree = "<group>"; };
		930C6A26F0C23BF9067A7B28 /* Assets.xcassets */ = {isa = PBXFileReference; lastKnownFileType = folder.assetcatalog; path = Assets.xcassets; sourceTree = "<group>"; };
		B33D05D8617D74817C8F1D86 /* Info.plist */ = {isa = PBXFileReference; lastKnownFileType = text.plist; path = Info.plist; sourceTree = "<group>"; };
		C1375D2E28D0444ECE18D429 /* Mac Dock Control.app */ = {isa = PBXFileReference; explicitFileType = wrapper.application; includeInIndex = 0; path = "Mac Dock Control.app"; sourceTree = BUILT_PRODUCTS_DIR; };
		ED76AE2EA8F90A9720787E43 /* ContentView.swift */ = {isa = PBXFileReference; lastKnownFileType = sourcecode.swift; path = ContentView.swift; sourceTree = "<group>"; };
		F8479A301306E006E59ADE28 /* application.swift */ = {isa = PBXFileReference; lastKnownFileType = sourcecode.swift; path = application.swift; sourceTree = "<group>"; };
/* End PBXFileReference section */

/* Begin PBXFrameworksBuildPhase section */
		54FBC2A09FA55C1D5D370628 /* Frameworks */ = {
			isa = PBXFrameworksBuildPhase;
			buildActionMask = 2147483647;
			files = (
				B4E4C7FBC2CB837967F02993 /* NearbyConnections in Frameworks */,
			);
			runOnlyForDeploymentPostprocessing = 0;
		};
/* End PBXFrameworksBuildPhase section */

/* Begin PBXGroup section */
		0AB758E07C92464C66A91454 = {
			isa = PBXGroup;
			children = (
				2C96C95625007A348F68E3F4 /* macOS_App */,
				4B32B752AE64DAFEBF8B06F4 /* Products */,
			);
			sourceTree = "<group>";
		};
		2C96C95625007A348F68E3F4 /* macOS_App */ = {
			isa = PBXGroup;
			children = (
				F8479A301306E006E59ADE28 /* application.swift */,
				3211537E7EE735BF2535524F /* appstore.png */,
				930C6A26F0C23BF9067A7B28 /* Assets.xcassets */,
				ED76AE2EA8F90A9720787E43 /* ContentView.swift */,
				B33D05D8617D74817C8F1D86 /* Info.plist */,
				4A07F21732DFBFCC347023EA /* NearbyService.swift */,
				26AD54A9FB1B62C602AB3B80 /* playstore.png */,
			);
			path = macOS_App;
			sourceTree = "<group>";
		};
		4B32B752AE64DAFEBF8B06F4 /* Products */ = {
			isa = PBXGroup;
			children = (
				C1375D2E28D0444ECE18D429 /* Mac Dock Control.app */,
			);
			name = Products;
			sourceTree = "<group>";
		};
/* End PBXGroup section */

/* Begin PBXNativeTarget section */
		0777881DA9E2D46B7CA5599C /* Mac Dock Control */ = {
			isa = PBXNativeTarget;
			buildConfigurationList = 4C05BF298CE0B4A6F0E1DB2C /* Build configuration list for PBXNativeTarget "Mac Dock Control" */;
			buildPhases = (
				29DB4C12F2C535C2EB63256B /* Sources */,
				F199EA5E96B855B2426CE480 /* Resources */,
				54FBC2A09FA55C1D5D370628 /* Frameworks */,
			);
			buildRules = (
			);
			dependencies = (
			);
			name = "Mac Dock Control";
			packageProductDependencies = (
				287BAAD98D4D6F4D945A367C /* NearbyConnections */,
			);
			productName = "Mac Dock Control";
			productReference = C1375D2E28D0444ECE18D429 /* Mac Dock Control.app */;
			productType = "com.apple.product-type.application";
		};
/* End PBXNativeTarget section */

/* Begin PBXProject section */
		BBE86487FAED08DBE09BE819 /* Project object */ = {
			isa = PBXProject;
			attributes = {
				BuildIndependentTargetsInParallel = YES;
				LastUpgradeCheck = 1430;
				TargetAttributes = {
				};
			};
			buildConfigurationList = 77B4491D301E8F3274CC5219 /* Build configuration list for PBXProject "Mac_Dock_Control" */;
			developmentRegion = en;
			hasScannedForEncodings = 0;
			knownRegions = (
				Base,
				en,
			);
			mainGroup = 0AB758E07C92464C66A91454;
			minimizedProjectReferenceProxies = 1;
			packageReferences = (
				7575EFBF96064F380D8FBB29 /* XCRemoteSwiftPackageReference "nearby" */,
			);
			preferredProjectObjectVersion = 77;
			productRefGroup = 4B32B752AE64DAFEBF8B06F4 /* Products */;
			projectDirPath = "";
			projectRoot = "";
			targets = (
				0777881DA9E2D46B7CA5599C /* Mac Dock Control */,
			);
		};
/* End PBXProject section */

/* Begin PBXResourcesBuildPhase section */
		F199EA5E96B855B2426CE480 /* Resources */ = {
			isa = PBXResourcesBuildPhase;
			buildActionMask = 2147483647;
			files = (
				4E89965ED530129D90B75807 /* Assets.xcassets in Resources */,
				C812A26A98A1770AA9D00A11 /* appstore.png in Resources */,
				6813CB2B90413A594DE6B1ED /* playstore.png in Resources */,
			);
			runOnlyForDeploymentPostprocessing = 0;
		};
/* End PBXResourcesBuildPhase section */

/* Begin PBXSourcesBuildPhase section */
		29DB4C12F2C535C2EB63256B /* Sources */ = {
			isa = PBXSourcesBuildPhase;
			buildActionMask = 2147483647;
			files = (
				23C06D925AC43F223C178E49 /* ContentView.swift in Sources */,
				6E7239A21AE46481DBD6938C /* NearbyService.swift in Sources */,
				A8E0D970687CB6611B00DC37 /* application.swift in Sources */,
			);
			runOnlyForDeploymentPostprocessing = 0;
		};
/* End PBXSourcesBuildPhase section */

/* Begin XCBuildConfiguration section */
		2FE0F43A890B4F71605BF29A /* Release */ = {
			isa = XCBuildConfiguration;
			buildSettings = {
				ASSETCATALOG_COMPILER_APPICON_NAME = AppIcon;
				CODE_SIGNING_ALLOWED = NO;
				CODE_SIGNING_REQUIRED = NO;
				CODE_SIGN_IDENTITY = "-";
				COMBINE_HIDPI_IMAGES = YES;
				ENABLE_APP_SANDBOX = NO;
				INFOPLIST_FILE = macOS_App/Info.plist;
				LD_RUNPATH_SEARCH_PATHS = (
					"$(inherited)",
					"@executable_path/../Frameworks",
				);
				MACOSX_DEPLOYMENT_TARGET = 12.0;
				PRODUCT_BUNDLE_IDENTIFIER = com.example.macdock;
				SDKROOT = macosx;
			};
			name = Release;
		};
		6B79193F65C890C88BED6BB5 /* Release */ = {
			isa = XCBuildConfiguration;
			buildSettings = {
				ALWAYS_SEARCH_USER_PATHS = NO;
				CLANG_ANALYZER_NONNULL = YES;
				CLANG_ANALYZER_NUMBER_OBJECT_CONVERSION = YES_AGGRESSIVE;
				CLANG_CXX_LANGUAGE_STANDARD = "gnu++14";
				CLANG_CXX_LIBRARY = "libc++";
				CLANG_ENABLE_MODULES = YES;
				CLANG_ENABLE_OBJC_ARC = YES;
				CLANG_ENABLE_OBJC_WEAK = YES;
				CLANG_WARN_BLOCK_CAPTURE_AUTORELEASING = YES;
				CLANG_WARN_BOOL_CONVERSION = YES;
				CLANG_WARN_COMMA = YES;
				CLANG_WARN_CONSTANT_CONVERSION = YES;
				CLANG_WARN_DEPRECATED_OBJC_IMPLEMENTATIONS = YES;
				CLANG_WARN_DIRECT_OBJC_ISA_USAGE = YES_ERROR;
				CLANG_WARN_DOCUMENTATION_COMMENTS = YES;
				CLANG_WARN_EMPTY_BODY = YES;
				CLANG_WARN_ENUM_CONVERSION = YES;
				CLANG_WARN_INFINITE_RECURSION = YES;
				CLANG_WARN_INT_CONVERSION = YES;
				CLANG_WARN_NON_LITERAL_NULL_CONVERSION = YES;
				CLANG_WARN_OBJC_IMPLICIT_RETAIN_SELF = YES;
				CLANG_WARN_OBJC_LITERAL_CONVERSION = YES;
				CLANG_WARN_OBJC_ROOT_CLASS = YES_ERROR;
				CLANG_WARN_QUOTED_INCLUDE_IN_FRAMEWORK_HEADER = YES;
				CLANG_WARN_RANGE_LOOP_ANALYSIS = YES;
				CLANG_WARN_STRICT_PROTOTYPES = YES;
				CLANG_WARN_SUSPICIOUS_MOVE = YES;
				CLANG_WARN_UNGUARDED_AVAILABILITY = YES_AGGRESSIVE;
				CLANG_WARN_UNREACHABLE_CODE = YES;
				CLANG_WARN__DUPLICATE_METHOD_MATCH = YES;
				COPY_PHASE_STRIP = NO;
				DEBUG_INFORMATION_FORMAT = "dwarf-with-dsym";
				ENABLE_NS_ASSERTIONS = NO;
				ENABLE_STRICT_OBJC_MSGSEND = YES;
				GCC_C_LANGUAGE_STANDARD = gnu11;
				GCC_NO_COMMON_BLOCKS = YES;
				GCC_WARN_64_TO_32_BIT_CONVERSION = YES;
				GCC_WARN_ABOUT_RETURN_TYPE = YES_ERROR;
				GCC_WARN_UNDECLARED_SELECTOR = YES;
				GCC_WARN_UNINITIALIZED_AUTOS = YES_AGGRESSIVE;
				GCC_WARN_UNUSED_FUNCTION = YES;
				GCC_WARN_UNUSED_VARIABLE = YES;
				MACOSX_DEPLOYMENT_TARGET = 12.0;
				MTL_ENABLE_DEBUG_INFO = NO;
				MTL_FAST_MATH = YES;
				PRODUCT_NAME = "$(TARGET_NAME)";
				SDKROOT = macosx;
				SWIFT_COMPILATION_MODE = wholemodule;
				SWIFT_OPTIMIZATION_LEVEL = "-O";
				SWIFT_VERSION = 5.0;
			};
			name = Release;
		};
		794F067613FC9963527FA42A /* Debug */ = {
			isa = XCBuildConfiguration;
			buildSettings = {
				ALWAYS_SEARCH_USER_PATHS = NO;
				CLANG_ANALYZER_NONNULL = YES;
				CLANG_ANALYZER_NUMBER_OBJECT_CONVERSION = YES_AGGRESSIVE;
				CLANG_CXX_LANGUAGE_STANDARD = "gnu++14";
				CLANG_CXX_LIBRARY = "libc++";
				CLANG_ENABLE_MODULES = YES;
				CLANG_ENABLE_OBJC_ARC = YES;
				CLANG_ENABLE_OBJC_WEAK = YES;
				CLANG_WARN_BLOCK_CAPTURE_AUTORELEASING = YES;
				CLANG_WARN_BOOL_CONVERSION = YES;
				CLANG_WARN_COMMA = YES;
				CLANG_WARN_CONSTANT_CONVERSION = YES;
				CLANG_WARN_DEPRECATED_OBJC_IMPLEMENTATIONS = YES;
				CLANG_WARN_DIRECT_OBJC_ISA_USAGE = YES_ERROR;
				CLANG_WARN_DOCUMENTATION_COMMENTS = YES;
				CLANG_WARN_EMPTY_BODY = YES;
				CLANG_WARN_ENUM_CONVERSION = YES;
				CLANG_WARN_INFINITE_RECURSION = YES;
				CLANG_WARN_INT_CONVERSION = YES;
				CLANG_WARN_NON_LITERAL_NULL_CONVERSION = YES;
				CLANG_WARN_OBJC_IMPLICIT_RETAIN_SELF = YES;
				CLANG_WARN_OBJC_LITERAL_CONVERSION = YES;
				CLANG_WARN_OBJC_ROOT_CLASS = YES_ERROR;
				CLANG_WARN_QUOTED_INCLUDE_IN_FRAMEWORK_HEADER = YES;
				CLANG_WARN_RANGE_LOOP_ANALYSIS = YES;
				CLANG_WARN_STRICT_PROTOTYPES = YES;
				CLANG_WARN_SUSPICIOUS_MOVE = YES;
				CLANG_WARN_UNGUARDED_AVAILABILITY = YES_AGGRESSIVE;
				CLANG_WARN_UNREACHABLE_CODE = YES;
				CLANG_WARN__DUPLICATE_METHOD_MATCH = YES;
				COPY_PHASE_STRIP = NO;
				DEBUG_INFORMATION_FORMAT = dwarf;
				ENABLE_STRICT_OBJC_MSGSEND = YES;
				ENABLE_TESTABILITY = YES;
				GCC_C_LANGUAGE_STANDARD = gnu11;
				GCC_DYNAMIC_NO_PIC = NO;
				GCC_NO_COMMON_BLOCKS = YES;
				GCC_OPTIMIZATION_LEVEL = 0;
				GCC_PREPROCESSOR_DEFINITIONS = (
					"$(inherited)",
					"DEBUG=1",
				);
				GCC_WARN_64_TO_32_BIT_CONVERSION = YES;
				GCC_WARN_ABOUT_RETURN_TYPE = YES_ERROR;
				GCC_WARN_UNDECLARED_SELECTOR = YES;
				GCC_WARN_UNINITIALIZED_AUTOS = YES_AGGRESSIVE;
				GCC_WARN_UNUSED_FUNCTION = YES;
				GCC_WARN_UNUSED_VARIABLE = YES;
				MACOSX_DEPLOYMENT_TARGET = 12.0;
				MTL_ENABLE_DEBUG_INFO = INCLUDE_SOURCE;
				MTL_FAST_MATH = YES;
				ONLY_ACTIVE_ARCH = YES;
				PRODUCT_NAME = "$(TARGET_NAME)";
				SDKROOT = macosx;
				SWIFT_ACTIVE_COMPILATION_CONDITIONS = DEBUG;
				SWIFT_OPTIMIZATION_LEVEL = "-Onone";
				SWIFT_VERSION = 5.0;
			};
			name = Debug;
		};
		DBACB9BF26C237AA2BBC3D03 /* Debug */ = {
			isa = XCBuildConfiguration;
			buildSettings = {
				ASSETCATALOG_COMPILER_APPICON_NAME = AppIcon;
				CODE_SIGNING_ALLOWED = NO;
				CODE_SIGNING_REQUIRED = NO;
				CODE_SIGN_IDENTITY = "-";
				COMBINE_HIDPI_IMAGES = YES;
				ENABLE_APP_SANDBOX = NO;
				INFOPLIST_FILE = macOS_App/Info.plist;
				LD_RUNPATH_SEARCH_PATHS = (
					"$(inherited)",
					"@executable_path/../Frameworks",
				);
				MACOSX_DEPLOYMENT_TARGET = 12.0;
				PRODUCT_BUNDLE_IDENTIFIER = com.example.macdock;
				SDKROOT = macosx;
			};
			name = Debug;
		};
/* End XCBuildConfiguration section */

/* Begin XCConfigurationList section */
		4C05BF298CE0B4A6F0E1DB2C /* Build configuration list for PBXNativeTarget "Mac Dock Control" */ = {
			isa = XCConfigurationList;
			buildConfigurations = (
				DBACB9BF26C237AA2BBC3D03 /* Debug */,
				2FE0F43A890B4F71605BF29A /* Release */,
			);
			defaultConfigurationIsVisible = 0;
			defaultConfigurationName = Debug;
		};
		77B4491D301E8F3274CC5219 /* Build configuration list for PBXProject "Mac_Dock_Control" */ = {
			isa = XCConfigurationList;
			buildConfigurations = (
				794F067613FC9963527FA42A /* Debug */,
				6B79193F65C890C88BED6BB5 /* Release */,
			);
			defaultConfigurationIsVisible = 0;
			defaultConfigurationName = Debug;
		};
/* End XCConfigurationList section */

/* Begin XCRemoteSwiftPackageReference section */
		7575EFBF96064F380D8FBB29 /* XCRemoteSwiftPackageReference "nearby" */ = {
			isa = XCRemoteSwiftPackageReference;
			repositoryURL = "https://github.com/google/nearby";
			requirement = {
				branch = main;
				kind = branch;
			};
		};
/* End XCRemoteSwiftPackageReference section */

/* Begin XCSwiftPackageProductDependency section */
		287BAAD98D4D6F4D945A367C /* NearbyConnections */ = {
			isa = XCSwiftPackageProductDependency;
			package = 7575EFBF96064F380D8FBB29 /* XCRemoteSwiftPackageReference "nearby" */;
			productName = NearbyConnections;
		};
/* End XCSwiftPackageProductDependency section */
	};
	rootObject = BBE86487FAED08DBE09BE819 /* Project object */;
}
